
Microsoft Visual Studio Solution File, Format Version 12.00
# Visual Studio Version 17
VisualStudioVersion = 17.13.35919.96 d17.13
MinimumVisualStudioVersion = 10.0.40219.1
Project("{FAE04EC0-301F-11D3-BF4B-00C04F79EFBC}") = "GoldeniaAuthApi", "GoldeniaAuthApi\GoldeniaAuthApi.csproj", "{F7258F24-F391-47CD-8683-E9C656FE1DCA}"
EndProject
Global
	GlobalSection(SolutionConfigurationPlatforms) = preSolution
		Debug|Any CPU = Debug|Any CPU
		Release|Any CPU = Release|Any CPU
	EndGlobalSection
	GlobalSection(ProjectConfigurationPlatforms) = postSolution
		{F7258F24-F391-47CD-8683-E9C656FE1DCA}.Debug|Any CPU.ActiveCfg = Debug|Any CPU
		{F7258F24-F391-47CD-8683-E9C656FE1DCA}.Debug|Any CPU.Build.0 = Debug|Any CPU
		{F7258F24-F391-47CD-8683-E9C656FE1DCA}.Release|Any CPU.ActiveCfg = Release|Any CPU
		{F7258F24-F391-47CD-8683-E9C656FE1DCA}.Release|Any CPU.Build.0 = Release|Any CPU
	EndGlobalSection
	GlobalSection(SolutionProperties) = preSolution
		HideSolutionNode = FALSE
	EndGlobalSection
	GlobalSection(ExtensibilityGlobals) = postSolution
		SolutionGuid = {BFDBFA22-AE24-4336-B11A-BB94566D15E1}
	EndGlobalSection
EndGlobal
